
Microsoft Visual Studio Solution File, Format Version 12.00
# Visual Studio Version 17
VisualStudioVersion = 17.8.34330.188
MinimumVisualStudioVersion = 10.0.40219.1
Project("{FAE04EC0-301F-11D3-BF4B-00C04F79EFBC}") = "CustomAppProtocol", "CustomAppProtocol\CustomAppProtocol.csproj", "{F336D421-45C4-4AFB-BC64-6EA9C756647C}"
EndProject
Global
	GlobalSection(SolutionConfigurationPlatforms) = preSolution
		Debug|Any CPU = Debug|Any CPU
		Release|Any CPU = Release|Any CPU
	EndGlobalSection
	GlobalSection(ProjectConfigurationPlatforms) = postSolution
		{F336D421-45C4-4AFB-BC64-6EA9C756647C}.Debug|Any CPU.ActiveCfg = Debug|Any CPU
		{F336D421-45C4-4AFB-BC64-6EA9C756647C}.Debug|Any CPU.Build.0 = Debug|Any CPU
		{F336D421-45C4-4AFB-BC64-6EA9C756647C}.Release|Any CPU.ActiveCfg = Release|Any CPU
		{F336D421-45C4-4AFB-BC64-6EA9C756647C}.Release|Any CPU.Build.0 = Release|Any CPU
	EndGlobalSection
	GlobalSection(SolutionProperties) = preSolution
		HideSolutionNode = FALSE
	EndGlobalSection
	GlobalSection(ExtensibilityGlobals) = postSolution
		SolutionGuid = {B1DDFAAD-930F-465A-8C13-213B67292B71}
	EndGlobalSection
EndGlobal
